// !$*UTF8*$!
{
	archiveVersion = 1;
	classes = {
	};
	objectVersion = 56;
	objects = {

/* Begin PBXBuildFile section */
		/* Swift source files */
		E8100001001 /* SEPwnApp.swift in Sources */ = {isa = PBXBuildFile; fileRef = E8100002001; };
		E8100001002 /* ContentView.swift in Sources */ = {isa = PBXBuildFile; fileRef = E8100002002; };
		E8100001003 /* JailbreakManager.swift in Sources */ = {isa = PBXBuildFile; fileRef = E8100002003; };
		E8100001004 /* ExploitBridge.swift in Sources */ = {isa = PBXBuildFile; fileRef = E8100002004; };
		
		/* Frameworks */
		E8100003001 /* IOKit.framework in Frameworks */ = {isa = PBXBuildFile; fileRef = E8100004001; };
		E8100003002 /* Security.framework in Frameworks */ = {isa = PBXBuildFile; fileRef = E8100004002; };
		
		/* Resources */
		E8100005001 /* Assets.xcassets in Resources */ = {isa = PBXBuildFile; fileRef = E8100006001; };
/* End PBXBuildFile section */

/* Begin PBXFileReference section */
		/* Product */
		E8100000001 /* SEPwn.app */ = {isa = PBXFileReference; explicitFileType = wrapper.application; includeInIndex = 0; path = SEPwn.app; sourceTree = BUILT_PRODUCTS_DIR; };
		
		/* Swift source files */
		E8100002001 /* SEPwnApp.swift */ = {isa = PBXFileReference; lastKnownFileType = sourcecode.swift; path = SEPwnApp.swift; sourceTree = "<group>"; };
		E8100002002 /* ContentView.swift */ = {isa = PBXFileReference; lastKnownFileType = sourcecode.swift; path = ContentView.swift; sourceTree = "<group>"; };
		E8100002003 /* JailbreakManager.swift */ = {isa = PBXFileReference; lastKnownFileType = sourcecode.swift; path = JailbreakManager.swift; sourceTree = "<group>"; };
		E8100002004 /* ExploitBridge.swift */ = {isa = PBXFileReference; lastKnownFileType = sourcecode.swift; path = ExploitBridge.swift; sourceTree = "<group>"; };
		
		/* C source files (for reference) */
		E8100002101 /* jailbreak_ios26.c */ = {isa = PBXFileReference; lastKnownFileType = sourcecode.c.c; path = jailbreak_ios26.c; sourceTree = "<group>"; };
		E8100002102 /* kernel_rw_primitives.c */ = {isa = PBXFileReference; lastKnownFileType = sourcecode.c.c; path = kernel_rw_primitives.c; sourceTree = "<group>"; };
		E8100002103 /* kernel_info_leak.c */ = {isa = PBXFileReference; lastKnownFileType = sourcecode.c.c; path = kernel_info_leak.c; sourceTree = "<group>"; };
		E8100002104 /* pac_bypass.c */ = {isa = PBXFileReference; lastKnownFileType = sourcecode.c.c; path = pac_bypass.c; sourceTree = "<group>"; };
		E8100002105 /* sep_iokit_fuzzer.c */ = {isa = PBXFileReference; lastKnownFileType = sourcecode.c.c; path = sep_iokit_fuzzer.c; sourceTree = "<group>"; };
		E8100002106 /* exploit_utils.c */ = {isa = PBXFileReference; lastKnownFileType = sourcecode.c.c; path = exploit_utils.c; sourceTree = "<group>"; };
		E8100002107 /* kernel_offsets.c */ = {isa = PBXFileReference; lastKnownFileType = sourcecode.c.c; path = kernel_offsets.c; sourceTree = "<group>"; };
		
		/* Headers */
		E8100002201 /* jailbreak.h */ = {isa = PBXFileReference; lastKnownFileType = sourcecode.c.h; path = jailbreak.h; sourceTree = "<group>"; };
		E8100002202 /* kernel_rw.h */ = {isa = PBXFileReference; lastKnownFileType = sourcecode.c.h; path = kernel_rw.h; sourceTree = "<group>"; };
		E8100002203 /* pac_bypass.h */ = {isa = PBXFileReference; lastKnownFileType = sourcecode.c.h; path = pac_bypass.h; sourceTree = "<group>"; };
		E8100002204 /* kernel_offsets.h */ = {isa = PBXFileReference; lastKnownFileType = sourcecode.c.h; path = kernel_offsets.h; sourceTree = "<group>"; };
		E8100002205 /* exploit_utils.h */ = {isa = PBXFileReference; lastKnownFileType = sourcecode.c.h; path = exploit_utils.h; sourceTree = "<group>"; };
		E8100002206 /* common.h */ = {isa = PBXFileReference; lastKnownFileType = sourcecode.c.h; path = common.h; sourceTree = "<group>"; };
		
		/* Frameworks */
		E8100004001 /* IOKit.framework */ = {isa = PBXFileReference; lastKnownFileType = wrapper.framework; name = IOKit.framework; path = System/Library/Frameworks/IOKit.framework; sourceTree = SDKROOT; };
		E8100004002 /* Security.framework */ = {isa = PBXFileReference; lastKnownFileType = wrapper.framework; name = Security.framework; path = System/Library/Frameworks/Security.framework; sourceTree = SDKROOT; };
		
		/* Resources */
		E8100006001 /* Assets.xcassets */ = {isa = PBXFileReference; lastKnownFileType = folder.assetcatalog; path = Assets.xcassets; sourceTree = "<group>"; };
		
		/* Supporting Files */
		E8100007001 /* Info.plist */ = {isa = PBXFileReference; lastKnownFileType = text.plist.xml; path = Info.plist; sourceTree = "<group>"; };
		E8100007002 /* SEPwn.entitlements */ = {isa = PBXFileReference; lastKnownFileType = text.plist.entitlements; path = SEPwn.entitlements; sourceTree = "<group>"; };
/* End PBXFileReference section */

/* Begin PBXFrameworksBuildPhase section */
		E8100008001 /* Frameworks */ = {
			isa = PBXFrameworksBuildPhase;
			buildActionMask = 2147483647;
			files = (
				E8100003001 /* IOKit.framework in Frameworks */,
				E8100003002 /* Security.framework in Frameworks */,
			);
			runOnlyForDeploymentPostprocessing = 0;
		};
/* End PBXFrameworksBuildPhase section */

/* Begin PBXGroup section */
		E8100009001 = {
			isa = PBXGroup;
			children = (
				E8100009002 /* SEPwn */,
				E8100009003 /* Frameworks */,
				E8100009004 /* Products */,
			);
			sourceTree = "<group>";
		};
		E8100009002 /* SEPwn */ = {
			isa = PBXGroup;
			children = (
				E8100009005 /* Sources */,
				E8100009006 /* Headers */,
				E8100009007 /* Resources */,
				E8100009008 /* Supporting Files */,
			);
			path = SEPwn;
			sourceTree = "<group>";
		};
		E8100009003 /* Frameworks */ = {
			isa = PBXGroup;
			children = (
				E8100004001 /* IOKit.framework */,
				E8100004002 /* Security.framework */,
			);
			name = Frameworks;
			sourceTree = "<group>";
		};
		E8100009004 /* Products */ = {
			isa = PBXGroup;
			children = (
				E8100000001 /* SEPwn.app */,
			);
			name = Products;
			sourceTree = "<group>";
		};
		E8100009005 /* Sources */ = {
			isa = PBXGroup;
			children = (
				E8100002001 /* SEPwnApp.swift */,
				E8100002002 /* ContentView.swift */,
				E8100002003 /* JailbreakManager.swift */,
				E8100002004 /* ExploitBridge.swift */,
				E8100002101 /* jailbreak_ios26.c */,
				E8100002102 /* kernel_rw_primitives.c */,
				E8100002103 /* kernel_info_leak.c */,
				E8100002104 /* pac_bypass.c */,
				E8100002105 /* sep_iokit_fuzzer.c */,
				E8100002106 /* exploit_utils.c */,
				E8100002107 /* kernel_offsets.c */,
			);
			path = Sources;
			sourceTree = "<group>";
		};
		E8100009006 /* Headers */ = {
			isa = PBXGroup;
			children = (
				E8100002201 /* jailbreak.h */,
				E8100002202 /* kernel_rw.h */,
				E8100002203 /* pac_bypass.h */,
				E8100002204 /* kernel_offsets.h */,
				E8100002205 /* exploit_utils.h */,
				E8100002206 /* common.h */,
			);
			path = Headers;
			sourceTree = "<group>";
		};
		E8100009007 /* Resources */ = {
			isa = PBXGroup;
			children = (
				E8100006001 /* Assets.xcassets */,
			);
			path = Resources;
			sourceTree = "<group>";
		};
		E8100009008 /* Supporting Files */ = {
			isa = PBXGroup;
			children = (
				E8100007001 /* Info.plist */,
				E8100007002 /* SEPwn.entitlements */,
			);
			path = "Supporting Files";
			sourceTree = "<group>";
		};
/* End PBXGroup section */

/* Begin PBXNativeTarget section */
		E810000A001 /* SEPwn */ = {
			isa = PBXNativeTarget;
			buildConfigurationList = E810000B001 /* Build configuration list for PBXNativeTarget "SEPwn" */;
			buildPhases = (
				E810000C001 /* Sources */,
				E8100008001 /* Frameworks */,
				E810000D001 /* Resources */,
			);
			buildRules = (
			);
			dependencies = (
			);
			name = SEPwn;
			productName = SEPwn;
			productReference = E8100000001 /* SEPwn.app */;
			productType = "com.apple.product-type.application";
		};
/* End PBXNativeTarget section */

/* Begin PBXProject section */
		E810000E001 /* Project object */ = {
			isa = PBXProject;
			attributes = {
				BuildIndependentTargetsInParallel = 1;
				LastSwiftUpdateCheck = 1500;
				LastUpgradeCheck = 1500;
				TargetAttributes = {
					E810000A001 = {
						CreatedOnToolsVersion = 15.0;
						LastSwiftMigration = 1500;
					};
				};
			};
			buildConfigurationList = E810000F001 /* Build configuration list for PBXProject "SEPwn" */;
			compatibilityVersion = "Xcode 14.0";
			developmentRegion = en;
			hasScannedForEncodings = 0;
			knownRegions = (
				en,
				Base,
			);
			mainGroup = E8100009001;
			productRefGroup = E8100009004 /* Products */;
			projectDirPath = "";
			projectRoot = "";
			targets = (
				E810000A001 /* SEPwn */,
			);
		};
/* End PBXProject section */

/* Begin PBXResourcesBuildPhase section */
		E810000D001 /* Resources */ = {
			isa = PBXResourcesBuildPhase;
			buildActionMask = 2147483647;
			files = (
				E8100005001 /* Assets.xcassets in Resources */,
			);
			runOnlyForDeploymentPostprocessing = 0;
		};
/* End PBXResourcesBuildPhase section */

/* Begin PBXSourcesBuildPhase section */
		E810000C001 /* Sources */ = {
			isa = PBXSourcesBuildPhase;
			buildActionMask = 2147483647;
			files = (
				E8100001001 /* SEPwnApp.swift in Sources */,
				E8100001002 /* ContentView.swift in Sources */,
				E8100001003 /* JailbreakManager.swift in Sources */,
				E8100001004 /* ExploitBridge.swift in Sources */,
			);
			runOnlyForDeploymentPostprocessing = 0;
		};
/* End PBXSourcesBuildPhase section */

/* Begin XCBuildConfiguration section */
		E8100010001 /* Debug */ = {
			isa = XCBuildConfiguration;
			buildSettings = {
				ALWAYS_SEARCH_USER_PATHS = NO;
				ASSETCATALOG_COMPILER_GENERATE_SWIFT_ASSET_SYMBOL_EXTENSIONS = YES;
				CLANG_ANALYZER_NONNULL = YES;
				CLANG_ANALYZER_NUMBER_OBJECT_CONVERSION = YES_AGGRESSIVE;
				CLANG_CXX_LANGUAGE_STANDARD = "gnu++20";
				CLANG_ENABLE_MODULES = YES;
				CLANG_ENABLE_OBJC_ARC = YES;
				CLANG_ENABLE_OBJC_WEAK = YES;
				CLANG_WARN_BLOCK_CAPTURE_AUTORELEASING = YES;
				CLANG_WARN_BOOL_CONVERSION = YES;
				CLANG_WARN_COMMA = YES;
				CLANG_WARN_CONSTANT_CONVERSION = YES;
				CLANG_WARN_DEPRECATED_OBJC_IMPLEMENTATIONS = YES;
				CLANG_WARN_DIRECT_OBJC_ISA_USAGE = YES_ERROR;
				CLANG_WARN_DOCUMENTATION_COMMENTS = YES;
				CLANG_WARN_EMPTY_BODY = YES;
				CLANG_WARN_ENUM_CONVERSION = YES;
				CLANG_WARN_INFINITE_RECURSION = YES;
				CLANG_WARN_INT_CONVERSION = YES;
				CLANG_WARN_NON_LITERAL_NULL_CONVERSION = YES;
				CLANG_WARN_OBJC_IMPLICIT_RETAIN_SELF = YES;
				CLANG_WARN_OBJC_LITERAL_CONVERSION = YES;
				CLANG_WARN_OBJC_ROOT_CLASS = YES_ERROR;
				CLANG_WARN_QUOTED_INCLUDE_IN_FRAMEWORK_HEADER = YES;
				CLANG_WARN_RANGE_LOOP_ANALYSIS = YES;
				CLANG_WARN_STRICT_PROTOTYPES = YES;
				CLANG_WARN_SUSPICIOUS_MOVE = YES;
				CLANG_WARN_UNGUARDED_AVAILABILITY = YES_AGGRESSIVE;
				CLANG_WARN_UNREACHABLE_CODE = YES;
				CLANG_WARN__DUPLICATE_METHOD_MATCH = YES;
				COPY_PHASE_STRIP = NO;
				DEBUG_INFORMATION_FORMAT = dwarf;
				ENABLE_STRICT_OBJC_MSGSEND = YES;
				ENABLE_TESTABILITY = YES;
				ENABLE_USER_SCRIPT_SANDBOXING = YES;
				GCC_C_LANGUAGE_STANDARD = gnu17;
				GCC_DYNAMIC_NO_PIC = NO;
				GCC_NO_COMMON_BLOCKS = YES;
				GCC_OPTIMIZATION_LEVEL = 0;
				GCC_PREPROCESSOR_DEFINITIONS = (
					"DEBUG=1",
					"$(inherited)",
				);
				GCC_WARN_64_TO_32_BIT_CONVERSION = YES;
				GCC_WARN_ABOUT_RETURN_TYPE = YES_ERROR;
				GCC_WARN_UNDECLARED_SELECTOR = YES;
				GCC_WARN_UNINITIALIZED_AUTOS = YES_AGGRESSIVE;
				GCC_WARN_UNUSED_FUNCTION = YES;
				GCC_WARN_UNUSED_VARIABLE = YES;
				IPHONEOS_DEPLOYMENT_TARGET = 15.0;
				LOCALIZATION_PREFERS_STRING_CATALOGS = YES;
				MTL_ENABLE_DEBUG_INFO = INCLUDE_SOURCE;
				MTL_FAST_MATH = YES;
				ONLY_ACTIVE_ARCH = YES;
				SDKROOT = iphoneos;
				SWIFT_ACTIVE_COMPILATION_CONDITIONS = "DEBUG $(inherited)";
				SWIFT_OPTIMIZATION_LEVEL = "-Onone";
			};
			name = Debug;
		};
		E8100010002 /* Release */ = {
			isa = XCBuildConfiguration;
			buildSettings = {
				ALWAYS_SEARCH_USER_PATHS = NO;
				ASSETCATALOG_COMPILER_GENERATE_SWIFT_ASSET_SYMBOL_EXTENSIONS = YES;
				CLANG_ANALYZER_NONNULL = YES;
				CLANG_ANALYZER_NUMBER_OBJECT_CONVERSION = YES_AGGRESSIVE;
				CLANG_CXX_LANGUAGE_STANDARD = "gnu++20";
				CLANG_ENABLE_MODULES = YES;
				CLANG_ENABLE_OBJC_ARC = YES;
				CLANG_ENABLE_OBJC_WEAK = YES;
				CLANG_WARN_BLOCK_CAPTURE_AUTORELEASING = YES;
				CLANG_WARN_BOOL_CONVERSION = YES;
				CLANG_WARN_COMMA = YES;
				CLANG_WARN_CONSTANT_CONVERSION = YES;
				CLANG_WARN_DEPRECATED_OBJC_IMPLEMENTATIONS = YES;
				CLANG_WARN_DIRECT_OBJC_ISA_USAGE = YES_ERROR;
				CLANG_WARN_DOCUMENTATION_COMMENTS = YES;
				CLANG_WARN_EMPTY_BODY = YES;
				CLANG_WARN_ENUM_CONVERSION = YES;
				CLANG_WARN_INFINITE_RECURSION = YES;
				CLANG_WARN_INT_CONVERSION = YES;
				CLANG_WARN_NON_LITERAL_NULL_CONVERSION = YES;
				CLANG_WARN_OBJC_IMPLICIT_RETAIN_SELF = YES;
				CLANG_WARN_OBJC_LITERAL_CONVERSION = YES;
				CLANG_WARN_OBJC_ROOT_CLASS = YES_ERROR;
				CLANG_WARN_QUOTED_INCLUDE_IN_FRAMEWORK_HEADER = YES;
				CLANG_WARN_RANGE_LOOP_ANALYSIS = YES;
				CLANG_WARN_STRICT_PROTOTYPES = YES;
				CLANG_WARN_SUSPICIOUS_MOVE = YES;
				CLANG_WARN_UNGUARDED_AVAILABILITY = YES_AGGRESSIVE;
				CLANG_WARN_UNREACHABLE_CODE = YES;
				CLANG_WARN__DUPLICATE_METHOD_MATCH = YES;
				COPY_PHASE_STRIP = NO;
				DEBUG_INFORMATION_FORMAT = "dwarf-with-dsym";
				ENABLE_NS_ASSERTIONS = NO;
				ENABLE_STRICT_OBJC_MSGSEND = YES;
				ENABLE_USER_SCRIPT_SANDBOXING = YES;
				GCC_C_LANGUAGE_STANDARD = gnu17;
				GCC_NO_COMMON_BLOCKS = YES;
				GCC_WARN_64_TO_32_BIT_CONVERSION = YES;
				GCC_WARN_ABOUT_RETURN_TYPE = YES_ERROR;
				GCC_WARN_UNDECLARED_SELECTOR = YES;
				GCC_WARN_UNINITIALIZED_AUTOS = YES_AGGRESSIVE;
				GCC_WARN_UNUSED_FUNCTION = YES;
				GCC_WARN_UNUSED_VARIABLE = YES;
				IPHONEOS_DEPLOYMENT_TARGET = 15.0;
				LOCALIZATION_PREFERS_STRING_CATALOGS = YES;
				MTL_ENABLE_DEBUG_INFO = NO;
				MTL_FAST_MATH = YES;
				SDKROOT = iphoneos;
				SWIFT_COMPILATION_MODE = wholemodule;
				VALIDATE_PRODUCT = YES;
			};
			name = Release;
		};
		E8100011001 /* Debug */ = {
			isa = XCBuildConfiguration;
			buildSettings = {
				ASSETCATALOG_COMPILER_APPICON_NAME = AppIcon;
				ASSETCATALOG_COMPILER_GLOBAL_ACCENT_COLOR_NAME = AccentColor;
				CODE_SIGN_ENTITLEMENTS = "SEPwn/Supporting Files/SEPwn.entitlements";
				CODE_SIGN_IDENTITY = "Apple Development";
				CODE_SIGN_STYLE = Automatic;
				CURRENT_PROJECT_VERSION = 1;
				DEVELOPMENT_TEAM = "";
				ENABLE_PREVIEWS = YES;
				GENERATE_INFOPLIST_FILE = NO;
				INFOPLIST_FILE = "SEPwn/Supporting Files/Info.plist";
				INFOPLIST_KEY_CFBundleDisplayName = SEPwn;
				INFOPLIST_KEY_LSApplicationCategoryType = "public.app-category.utilities";
				INFOPLIST_KEY_UIApplicationSceneManifest_Generation = YES;
				INFOPLIST_KEY_UIApplicationSupportsIndirectInputEvents = YES;
				INFOPLIST_KEY_UILaunchScreen_Generation = YES;
				INFOPLIST_KEY_UISupportedInterfaceOrientations = UIInterfaceOrientationPortrait;
				INFOPLIST_KEY_UISupportedInterfaceOrientations_iPad = "UIInterfaceOrientationLandscapeLeft UIInterfaceOrientationLandscapeRight UIInterfaceOrientationPortrait UIInterfaceOrientationPortraitUpsideDown";
				LD_RUNPATH_SEARCH_PATHS = (
					"$(inherited)",
					"@executable_path/Frameworks",
				);
				MARKETING_VERSION = 1.0.0;
				PRODUCT_BUNDLE_IDENTIFIER = com.security.sepwn;
				PRODUCT_NAME = "$(TARGET_NAME)";
				SUPPORTED_PLATFORMS = "iphoneos iphonesimulator";
				SUPPORTS_MACCATALYST = NO;
				SWIFT_EMIT_LOC_STRINGS = YES;
				SWIFT_VERSION = 5.0;
				TARGETED_DEVICE_FAMILY = "1,2";
			};
			name = Debug;
		};
		E8100011002 /* Release */ = {
			isa = XCBuildConfiguration;
			buildSettings = {
				ASSETCATALOG_COMPILER_APPICON_NAME = AppIcon;
				ASSETCATALOG_COMPILER_GLOBAL_ACCENT_COLOR_NAME = AccentColor;
				CODE_SIGN_ENTITLEMENTS = "SEPwn/Supporting Files/SEPwn.entitlements";
				CODE_SIGN_IDENTITY = "Apple Development";
				CODE_SIGN_STYLE = Automatic;
				CURRENT_PROJECT_VERSION = 1;
				DEVELOPMENT_TEAM = "";
				ENABLE_PREVIEWS = YES;
				GENERATE_INFOPLIST_FILE = NO;
				INFOPLIST_FILE = "SEPwn/Supporting Files/Info.plist";
				INFOPLIST_KEY_CFBundleDisplayName = SEPwn;
				INFOPLIST_KEY_LSApplicationCategoryType = "public.app-category.utilities";
				INFOPLIST_KEY_UIApplicationSceneManifest_Generation = YES;
				INFOPLIST_KEY_UIApplicationSupportsIndirectInputEvents = YES;
				INFOPLIST_KEY_UILaunchScreen_Generation = YES;
				INFOPLIST_KEY_UISupportedInterfaceOrientations = UIInterfaceOrientationPortrait;
				INFOPLIST_KEY_UISupportedInterfaceOrientations_iPad = "UIInterfaceOrientationLandscapeLeft UIInterfaceOrientationLandscapeRight UIInterfaceOrientationPortrait UIInterfaceOrientationPortraitUpsideDown";
				LD_RUNPATH_SEARCH_PATHS = (
					"$(inherited)",
					"@executable_path/Frameworks",
				);
				MARKETING_VERSION = 1.0.0;
				PRODUCT_BUNDLE_IDENTIFIER = com.security.sepwn;
				PRODUCT_NAME = "$(TARGET_NAME)";
				SUPPORTED_PLATFORMS = "iphoneos iphonesimulator";
				SUPPORTS_MACCATALYST = NO;
				SWIFT_EMIT_LOC_STRINGS = YES;
				SWIFT_VERSION = 5.0;
				TARGETED_DEVICE_FAMILY = "1,2";
			};
			name = Release;
		};
/* End XCBuildConfiguration section */

/* Begin XCConfigurationList section */
		E810000B001 /* Build configuration list for PBXNativeTarget "SEPwn" */ = {
			isa = XCConfigurationList;
			buildConfigurations = (
				E8100011001 /* Debug */,
				E8100011002 /* Release */,
			);
			defaultConfigurationIsVisible = 0;
			defaultConfigurationName = Release;
		};
		E810000F001 /* Build configuration list for PBXProject "SEPwn" */ = {
			isa = XCConfigurationList;
			buildConfigurations = (
				E8100010001 /* Debug */,
				E8100010002 /* Release */,
			);
			defaultConfigurationIsVisible = 0;
			defaultConfigurationName = Release;
		};
/* End XCConfigurationList section */
	};
	rootObject = E810000E001 /* Project object */;
}
